{
  "version": 2,
  "dependencies": {
    "net10.0": {
      "HotChocolate.Data.EntityFramework": {
        "type": "Direct",
        "requested": "[15.1.12, )",
        "resolved": "15.1.12",
        "contentHash": "/5q9zgjADxDEobzFpss934zGv42UPJFfwDPwQpmgIaHSantUHn2JFwQV0ud98CGs7cLZUMfKK5tYK1nH6E/ZCA==",
        "dependencies": {
          "GreenDonut.Data": "15.1.12",
          "GreenDonut.Data.Abstractions": "15.1.12",
          "GreenDonut.Data.EntityFramework": "15.1.12",
          "HotChocolate": "15.1.12",
          "HotChocolate.Data": "15.1.12",
          "Microsoft.EntityFrameworkCore": "9.0.2"
        }
      },
      "Ical.Net": {
        "type": "Direct",
        "requested": "[5.2.1, )",
        "resolved": "5.2.1",
        "contentHash": "zHjl8M24IX1kNlB2zX7c2clyTdD5C+PplmyiMHJ0kMlt0ng2TMfNNKO4u7hNV86oITujLiJ6y/+ATcI7bbmjAw==",
        "dependencies": {
          "NodaTime": "3.2.2"
        }
      },
      "Meziantou.Analyzer": {
        "type": "Direct",
        "requested": "[2.0.154, )",
        "resolved": "2.0.154",
        "contentHash": "NjDQa71s1CTC15vFLusGPVDLtGCwLMU5TufYz7dPWU/duXurLyN/cUGjMW53uDz286Z7WyI9SWV/tDNzzTjceg=="
      },
      "Microsoft.EntityFrameworkCore": {
        "type": "Direct",
        "requested": "[10.0.3, )",
        "resolved": "10.0.3",
        "contentHash": "CDEImwD4A7BseABJMCpLZnhfFjmPY/bHwhhS70elc6gLI/bYUEOhxWt7PmaNGYGhIEzOnStlCy5QcVb+8dod5Q==",
        "dependencies": {
          "Microsoft.EntityFrameworkCore.Abstractions": "10.0.3",
          "Microsoft.EntityFrameworkCore.Analyzers": "10.0.3",
          "Microsoft.Extensions.Caching.Memory": "10.0.3",
          "Microsoft.Extensions.Logging": "10.0.3"
        }
      },
      "Microsoft.Extensions.Configuration.Abstractions": {
        "type": "Direct",
        "requested": "[10.0.3, )",
        "resolved": "10.0.3",
        "contentHash": "xVDHL0+SIgemfh95fTO9cGLe17TWv/ZP0n7m01z8X6pzt2DmQpucioWR/mYZA1sRlkWnkXzfl0JweLNWmE9WMg==",
        "dependencies": {
          "Microsoft.Extensions.Primitives": "10.0.3"
        }
      },
      "Microsoft.Extensions.DependencyInjection.Abstractions": {
        "type": "Direct",
        "requested": "[10.0.3, )",
        "resolved": "10.0.3",
        "contentHash": "bwGMrRcAMWx2s/RDgja97p27rxSz2pEQW0+rX5cWAUWVETVJ/eyxGfjAl8vuG5a+lckWmPIE+vcuaZNVB5YDdw=="
      },
      "Microsoft.Extensions.Diagnostics.HealthChecks.EntityFrameworkCore": {
        "type": "Direct",
        "requested": "[10.0.3, )",
        "resolved": "10.0.3",
        "contentHash": "iS+BIH8VkzR9ox57Jm6YLlYW9VfcaDL5b05f8acl2lK9goVDJJq6qbfuLarW9PDf3Vrxv05SEk8bYQkhZDfVow==",
        "dependencies": {
          "Microsoft.EntityFrameworkCore.Relational": "10.0.3",
          "Microsoft.Extensions.Diagnostics.HealthChecks": "10.0.3",
          "Microsoft.Extensions.Diagnostics.HealthChecks.Abstractions": "10.0.3"
        }
      },
      "Npgsql.EntityFrameworkCore.PostgreSQL": {
        "type": "Direct",
        "requested": "[10.0.0, )",
        "resolved": "10.0.0",
        "contentHash": "E2+uSWxSB8LdsUVwPaqRWOcGOP92biry2JEwc0KJMdLJF+aZdczeIdEXVwEyv4nSVMQJH0o8tLhyAMiR6VF0lw==",
        "dependencies": {
          "Microsoft.EntityFrameworkCore": "[10.0.0, 11.0.0)",
          "Microsoft.EntityFrameworkCore.Relational": "[10.0.0, 11.0.0)",
          "Npgsql": "10.0.0"
        }
      },
      "FluentValidation": {
        "type": "Transitive",
        "resolved": "12.1.1",
        "contentHash": "EPpkIe1yh1a0OXyC100oOA8WMbZvqUu5plwhvYcb7oSELfyUZzfxV48BLhvs3kKo4NwG7MGLNgy1RJiYtT8Dpw=="
      },
      "GreenDonut": {
        "type": "Transitive",
        "resolved": "15.1.12",
        "contentHash": "6klviTecBAW14QGmuPTX26iF/e68s5h6zUym9rcteNMU0m6wvTCMevRMalBcGPfBKlOYYrIPpREBhXc7gdPlNg==",
        "dependencies": {
          "GreenDonut.Abstractions": "15.1.12",
          "Microsoft.Extensions.DependencyInjection.Abstractions": "9.0.2",
          "Microsoft.Extensions.ObjectPool": "9.0.2"
        }
      },
      "GreenDonut.Abstractions": {
        "type": "Transitive",
        "resolved": "15.1.12",
        "contentHash": "T13fuWLJEDxkqboNuqHAqO5ZmpGXdibzBFc1Z8SqGdoDyKxV0ONF0LqWV0rSu75d4GzZnfGTh1/OuY0VuStqgw=="
      },
      "GreenDonut.Data": {
        "type": "Transitive",
        "resolved": "15.1.12",
        "contentHash": "e/e7yh531Tf7w0fcQhdD3han/IqdaxaIQtqEUGFww9GsQGqOTWBYuR0CI3b+tFkrfGZXwlyx/NuTU4dbSWwO9Q==",
        "dependencies": {
          "GreenDonut": "15.1.12",
          "GreenDonut.Data.Abstractions": "15.1.12"
        }
      },
      "GreenDonut.Data.Abstractions": {
        "type": "Transitive",
        "resolved": "15.1.12",
        "contentHash": "pGuda7P3vFJrurI1hvQlb/Bzn9Mn6mcRNig4vU3WmEP++9M7R+G1kCwv5BFA77XGVejVdm3n5o067Qm2EZgNTg==",
        "dependencies": {
          "GreenDonut.Abstractions": "15.1.12",
          "GreenDonut.Data.Primitives": "15.1.12"
        }
      },
      "GreenDonut.Data.EntityFramework": {
        "type": "Transitive",
        "resolved": "15.1.12",
        "contentHash": "Z7FhuD8vHGFrT+b5/LGGFrzawfaiy2An7NJeZXKt81qlayvgF5Tt3OYAeSjyLto6tAZ5D6kRbKTZBAKAgshMJQ==",
        "dependencies": {
          "GreenDonut.Data": "15.1.12",
          "Microsoft.EntityFrameworkCore": "9.0.2"
        }
      },
      "GreenDonut.Data.Primitives": {
        "type": "Transitive",
        "resolved": "15.1.12",
        "contentHash": "yIsSuSOPORs9hfHybxlvovrY2CLHtFefA9YokP1fpRHSHqKSyDM0Px3af76iWsYrvBbFi8M7Zmn7eIahv6RO6Q=="
      },
      "HotChocolate": {
        "type": "Transitive",
        "resolved": "15.1.12",
        "contentHash": "S3o8ssMln0NkoPLfa9vt+uPjg1S4+ujREiKnN2sbwv/TawmxCx4AKPRT35d/sdyX4JlAKcBwR8su5LbY3+VG9g==",
        "dependencies": {
          "HotChocolate.Authorization": "15.1.12",
          "HotChocolate.CostAnalysis": "15.1.12",
          "HotChocolate.Execution": "15.1.12",
          "HotChocolate.Execution.Projections": "15.1.12",
          "HotChocolate.Fetching": "15.1.12",
          "HotChocolate.Types": "15.1.12",
          "HotChocolate.Types.CursorPagination": "15.1.12",
          "HotChocolate.Types.CursorPagination.Extensions": "15.1.12",
          "HotChocolate.Types.Mutations": "15.1.12",
          "HotChocolate.Types.Queries": "15.1.12",
          "HotChocolate.Validation": "15.1.12"
        }
      },
      "HotChocolate.Abstractions": {
        "type": "Transitive",
        "resolved": "15.1.12",
        "contentHash": "h7Q67e7Wg4NWGHkuy1IRBJ8GBSFbIEkURg5muhq1kaqs7wE5OPvDWS6GV78eP9TyczJ05sdVyNJVLzlXT9RKkw==",
        "dependencies": {
          "HotChocolate.Primitives": "15.1.12"
        }
      },
      "HotChocolate.Authorization": {
        "type": "Transitive",
        "resolved": "15.1.12",
        "contentHash": "VGdbkeByi0qak+8fNBlFe2FTSoPCUgQ7l1NsbBBmVPvq1c2JGY9y/ZrZhJKRiWJMi+cxh34udkXaXnPLfz4LXw==",
        "dependencies": {
          "HotChocolate.Execution": "15.1.12"
        }
      },
      "HotChocolate.CostAnalysis": {
        "type": "Transitive",
        "resolved": "15.1.12",
        "contentHash": "jcKiyNpo7YIPhHubJtSaS1nEtvl+9dozxa1mDiS4iwCL4UpHR/zG1JKK6qeyvcEOCkF4DGcln/6cHRmLemQNAg==",
        "dependencies": {
          "HotChocolate.Execution": "15.1.12",
          "HotChocolate.Types": "15.1.12"
        }
      },
      "HotChocolate.Data": {
        "type": "Transitive",
        "resolved": "15.1.12",
        "contentHash": "7X0mCZv5NytMAdJrE5MhywUiGIsuvwa7MXYiUiqA01aOM9ZOlUtcnA4LJNRlx4ZQfUhBDMCnpgl/SIYk50e/6w==",
        "dependencies": {
          "GreenDonut.Data": "15.1.12",
          "GreenDonut.Data.Abstractions": "15.1.12",
          "GreenDonut.Data.Primitives": "15.1.12",
          "HotChocolate.Execution": "15.1.12",
          "HotChocolate.Execution.Projections": "15.1.12",
          "HotChocolate.Types.CursorPagination": "15.1.12"
        }
      },
      "HotChocolate.Execution": {
        "type": "Transitive",
        "resolved": "15.1.12",
        "contentHash": "mOnM34nQZjD/5VwyOSN8U1e5QkrMu83XXHSUCvToI4us+FPHKdcDRxH74ecgFmL6DbUehlBLBjBJdKOE1JZb+A==",
        "dependencies": {
          "HotChocolate.Abstractions": "15.1.12",
          "HotChocolate.Execution.Abstractions": "15.1.12",
          "HotChocolate.Fetching": "15.1.12",
          "HotChocolate.Types": "15.1.12",
          "HotChocolate.Utilities.DependencyInjection": "15.1.12",
          "HotChocolate.Validation": "15.1.12",
          "Microsoft.Extensions.DependencyInjection": "9.0.2"
        }
      },
      "HotChocolate.Execution.Abstractions": {
        "type": "Transitive",
        "resolved": "15.1.12",
        "contentHash": "3YURY8BTqC23Md4Qk5BGxdcltv1cQNJQS4XlmkMsiFEIvzQEWX7Wn3QJGfuIznXSwyLPZg+zLiCJBFJvImMe1Q==",
        "dependencies": {
          "HotChocolate.Abstractions": "15.1.12",
          "Microsoft.Extensions.DependencyInjection.Abstractions": "9.0.2"
        }
      },
      "HotChocolate.Execution.Projections": {
        "type": "Transitive",
        "resolved": "15.1.12",
        "contentHash": "jjGpm439L12J7FDYlv++R3Ew6WLbh2ZVexNtoasdh4UEK+UWhOw0RsEuX91FYfFu644LkEVu3SMDU49fwBzKxA==",
        "dependencies": {
          "GreenDonut.Data": "15.1.12",
          "GreenDonut.Data.Abstractions": "15.1.12",
          "GreenDonut.Data.Primitives": "15.1.12",
          "HotChocolate.Execution": "15.1.12"
        }
      },
      "HotChocolate.Features": {
        "type": "Transitive",
        "resolved": "15.1.12",
        "contentHash": "loCdqi+Fw0B9jaTaXdLRyyD+VQQlZ8Ia7B6kwyobQfS++f5/IOFfO1tPZc3KHNL9TESECzW7s78zP5jCNrScIg=="
      },
      "HotChocolate.Fetching": {
        "type": "Transitive",
        "resolved": "15.1.12",
        "contentHash": "tWgsHl5GRZhugtf9NoZovXEQ3yjiKgSKvowVcrU4G4lFtg/ZIjwEVd+yA3eh0C7K5zH2oxE3roML7tun6xse8w==",
        "dependencies": {
          "GreenDonut": "15.1.12",
          "HotChocolate.Types": "15.1.12"
        }
      },
      "HotChocolate.Language": {
        "type": "Transitive",
        "resolved": "15.1.12",
        "contentHash": "BcWoRUEHXqFMuRNCvMNlrmx4cCMfcEaA8RfmLKmGEnzwnJrHjaUeHIRT8/+X/xiuDAaXgXztJ+AYPIJcrxfAPA==",
        "dependencies": {
          "HotChocolate.Language.SyntaxTree": "15.1.12",
          "HotChocolate.Language.Utf8": "15.1.12",
          "HotChocolate.Language.Visitors": "15.1.12",
          "HotChocolate.Language.Web": "15.1.12"
        }
      },
      "HotChocolate.Language.SyntaxTree": {
        "type": "Transitive",
        "resolved": "15.1.12",
        "contentHash": "FRQM0Sk2sy0bK2gjCYcl+oqLL2c9prQM2kxBKCdLKsi1vevGwcqV6zhq+5aNAWhVpfb5kh3j3eh9/Pz+WbDpUA==",
        "dependencies": {
          "Microsoft.Extensions.ObjectPool": "9.0.2"
        }
      },
      "HotChocolate.Language.Utf8": {
        "type": "Transitive",
        "resolved": "15.1.12",
        "contentHash": "URvMy8JLBodY3/N86XUzPfC+AD7s3i6MSDoflnCwPMiFWKDaJ9a0WY63nS7r0xc9e15Pwq7LWN7EYWWG0UyJvg==",
        "dependencies": {
          "HotChocolate.Language.SyntaxTree": "15.1.12"
        }
      },
      "HotChocolate.Language.Visitors": {
        "type": "Transitive",
        "resolved": "15.1.12",
        "contentHash": "klDDEZTTBh+jK4cVtw+LPBXCGi3/Qur6lfipqQxWANOU1tT3nG9FpoHhtZBIn8BK4GcHNvjMjFXcrarfnRC6Aw==",
        "dependencies": {
          "HotChocolate.Language.SyntaxTree": "15.1.12"
        }
      },
      "HotChocolate.Language.Web": {
        "type": "Transitive",
        "resolved": "15.1.12",
        "contentHash": "HnOWueTJ6JQipZe7Qo+OQM42Uui3JgBDi6z/N5fC1uqc9Vj7AN8tA8Nu+ywHgTIGwclEUD00KVMcAOUvr/K9Iw==",
        "dependencies": {
          "HotChocolate.Language.Utf8": "15.1.12"
        }
      },
      "HotChocolate.Primitives": {
        "type": "Transitive",
        "resolved": "15.1.12",
        "contentHash": "9VxhvJzlDiti5LIekVE5ykvcxfuu9SaFjagNVF7JojUfH5105hrZbZRQuZU2PuB2ccJQJiIjUjuRp4/IT9tClg==",
        "dependencies": {
          "HotChocolate.Language": "15.1.12"
        }
      },
      "HotChocolate.Types": {
        "type": "Transitive",
        "resolved": "15.1.12",
        "contentHash": "TeCw75MroX9/fEBdG7y16hUUzjCUlgGaaCwEanhCuA3+ztWP0Xcd5Q8l/XCL2M5MF2A11JHb344Oa8ckfbM1ig==",
        "dependencies": {
          "GreenDonut": "15.1.12",
          "HotChocolate.Abstractions": "15.1.12",
          "HotChocolate.Features": "15.1.12",
          "HotChocolate.Types.Shared": "15.1.12",
          "HotChocolate.Utilities": "15.1.12",
          "Microsoft.Extensions.DependencyInjection": "9.0.2",
          "Microsoft.Extensions.ObjectPool": "9.0.2"
        }
      },
      "HotChocolate.Types.CursorPagination": {
        "type": "Transitive",
        "resolved": "15.1.12",
        "contentHash": "O/sSDBm9sX6Hs3DDJ7ct6LhVVLL0OK7hreDckMz2HmDm2FqbBS/mFUB7K/pk58MiAmdSBE3oM18rcrFjV1MdWg==",
        "dependencies": {
          "HotChocolate.Execution.Abstractions": "15.1.12",
          "HotChocolate.Types": "15.1.12"
        }
      },
      "HotChocolate.Types.CursorPagination.Extensions": {
        "type": "Transitive",
        "resolved": "15.1.12",
        "contentHash": "aGKeNMqIX4vH89iQiHZnmZal1DdpHuCtlBaamo2paUmVRVb5TvFN3q+BUfH9MZklBcggSWF+VYSb0rIaVSSa8A==",
        "dependencies": {
          "GreenDonut.Data": "15.1.12",
          "HotChocolate.Types.CursorPagination": "15.1.12"
        }
      },
      "HotChocolate.Types.Errors": {
        "type": "Transitive",
        "resolved": "15.1.12",
        "contentHash": "u/lLfQ3zC6Wj8cmYFLrFeJywYlbYNAjADo9YQt8p1yzwVsHa5egV4L3qZCOjXu8bNratH9Vw22kuYQ8UmNko4A==",
        "dependencies": {
          "HotChocolate.Execution": "15.1.12"
        }
      },
      "HotChocolate.Types.Mutations": {
        "type": "Transitive",
        "resolved": "15.1.12",
        "contentHash": "TTeL9gjSVTfYmWw1cFA3S66Ilpnmx+I22I9ZXpLYnPleuimOTBfZrPZOCJxOTEXC7WzwpmFsEfH1p/o4nDWTaA==",
        "dependencies": {
          "HotChocolate.Execution": "15.1.12",
          "HotChocolate.Types.Errors": "15.1.12"
        }
      },
      "HotChocolate.Types.Queries": {
        "type": "Transitive",
        "resolved": "15.1.12",
        "contentHash": "NIpOh8cWOxBiK6ISxsO8p7bU1Sk94Wtxt8iuhj7UI7nw4eDPM8EVI1eYjOq3skmRkIlkZpIMaGE+8HQn+nupzg==",
        "dependencies": {
          "HotChocolate.Execution": "15.1.12",
          "HotChocolate.Types.Errors": "15.1.12"
        }
      },
      "HotChocolate.Types.Shared": {
        "type": "Transitive",
        "resolved": "15.1.12",
        "contentHash": "aF+RDBR7yTktNPqKAlIcQXnd0MCzwZ8G+4zOLOyQKL6EZ0eoNOZZwjz/c8LTdGsQjYddyUPVZvsWLKAq5kws0g==",
        "dependencies": {
          "HotChocolate.Language.SyntaxTree": "15.1.12"
        }
      },
      "HotChocolate.Utilities": {
        "type": "Transitive",
        "resolved": "15.1.12",
        "contentHash": "0QZi1LHSIGit4/q/bwBUwUT3Brn+GUXEmuWOrO7RplHFrRGxJfm0vJmW+aS/S6Lhzw6hKnuBNjDYBz9gHRT2Ug==",
        "dependencies": {
          "Microsoft.Extensions.DependencyInjection.Abstractions": "9.0.2"
        }
      },
      "HotChocolate.Utilities.DependencyInjection": {
        "type": "Transitive",
        "resolved": "15.1.12",
        "contentHash": "ZCJOMOg1+JB4GCNy2EduYUBTjHCMa2dG5mK1rrcYMC3ZhmSQxJle+/5lqk3URofks5CHh5Pldh/9rSJo/h6tEw==",
        "dependencies": {
          "Microsoft.Extensions.DependencyInjection": "9.0.2"
        }
      },
      "HotChocolate.Validation": {
        "type": "Transitive",
        "resolved": "15.1.12",
        "contentHash": "TtJDrJMzvdQL35/k3htLEQZBC7UC+PnPs4R1dWHKVxgAuvXtJNJDXo1z1xLvHViM14prKtF6j9Ki6RsKXmeotw==",
        "dependencies": {
          "HotChocolate.Types": "15.1.12",
          "Microsoft.Extensions.DependencyInjection.Abstractions": "9.0.2",
          "Microsoft.Extensions.Options": "9.0.2"
        }
      },
      "Microsoft.EntityFrameworkCore.Abstractions": {
        "type": "Transitive",
        "resolved": "10.0.3",
        "contentHash": "c7Uoz381xnMHNBRB8eHRhGgzUtXbgddlbODhwZRrTSzZWDharp3RkJsFwhxyESbeXhCqmML7VdvjMQ7uu+HreA=="
      },
      "Microsoft.EntityFrameworkCore.Analyzers": {
        "type": "Transitive",
        "resolved": "10.0.3",
        "contentHash": "lVABgJTyTUNE7Bi0bSu4dWHiCHIXEGzTh/kLh0N07IgU/tIKwTeBPp8tgV4x2iKj4h7iPLo8oXzyHmLDGtAE1g=="
      },
      "Microsoft.EntityFrameworkCore.Relational": {
        "type": "Transitive",
        "resolved": "10.0.3",
        "contentHash": "Pmh60OK9neVr/M0FJwm9hlzm2bD4Kd65SID8E6SP5c90tExNgXwORrlEWl0oGU/ig9ifpNN4PSpIrnHNozlT5w==",
        "dependencies": {
          "Microsoft.EntityFrameworkCore": "10.0.3",
          "Microsoft.Extensions.Caching.Memory": "10.0.3",
          "Microsoft.Extensions.Configuration.Abstractions": "10.0.3",
          "Microsoft.Extensions.Logging": "10.0.3"
        }
      },
      "Microsoft.Extensions.Caching.Abstractions": {
        "type": "Transitive",
        "resolved": "10.0.3",
        "contentHash": "5dtXBvI8t3z8pF4tB38JYgi/enCL/DwSXxpqShgFz3SHJ7IzqFIMs6Gu5ik8sNZzcO9qQs3xIDpB3vDamkYG+Q==",
        "dependencies": {
          "Microsoft.Extensions.Primitives": "10.0.3"
        }
      },
      "Microsoft.Extensions.Caching.Memory": {
        "type": "Transitive",
        "resolved": "10.0.3",
        "contentHash": "No4fVh0z30SWqiWFRoA4PNdrEco6OjXvCqRFvlmRgDQqqks2bRDdeavUgWEiAX153ZAwW9loUgbxcvuP4NKQLg==",
        "dependencies": {
          "Microsoft.Extensions.Caching.Abstractions": "10.0.3",
          "Microsoft.Extensions.DependencyInjection.Abstractions": "10.0.3",
          "Microsoft.Extensions.Logging.Abstractions": "10.0.3",
          "Microsoft.Extensions.Options": "10.0.3",
          "Microsoft.Extensions.Primitives": "10.0.3"
        }
      },
      "Microsoft.Extensions.DependencyInjection": {
        "type": "Transitive",
        "resolved": "10.0.3",
        "contentHash": "2DLOmC0EkB2smVK8lPP1PIKEgL1arE3CMp9XSIQB/Y7ev5nnnyuM/PizKJ6QfLD08QCYoopSC9SFdbYglDomYg==",
        "dependencies": {
          "Microsoft.Extensions.DependencyInjection.Abstractions": "10.0.3"
        }
      },
      "Microsoft.Extensions.Diagnostics.Abstractions": {
        "type": "Transitive",
        "resolved": "10.0.3",
        "contentHash": "mQiTzAj7PIJ2A9YXR5QhgulS1fTWhmQc3ckd1Mrf3hKW07d03fBDqx8vVaFw+cRTebDOeB6pNqdWdnRxsi1hBA==",
        "dependencies": {
          "Microsoft.Extensions.DependencyInjection.Abstractions": "10.0.3",
          "Microsoft.Extensions.Options": "10.0.3"
        }
      },
      "Microsoft.Extensions.Diagnostics.HealthChecks": {
        "type": "Transitive",
        "resolved": "10.0.3",
        "contentHash": "ehHItAEsfgyEaomzj+GG7wBModWKkpho7v08i1Y6FfkBA0T9qsBbcqn2PpMpYnZag+SxjIbqfeQIrLT01jGAWg==",
        "dependencies": {
          "Microsoft.Extensions.Diagnostics.HealthChecks.Abstractions": "10.0.3",
          "Microsoft.Extensions.Hosting.Abstractions": "10.0.3",
          "Microsoft.Extensions.Logging.Abstractions": "10.0.3",
          "Microsoft.Extensions.Options": "10.0.3"
        }
      },
      "Microsoft.Extensions.Diagnostics.HealthChecks.Abstractions": {
        "type": "Transitive",
        "resolved": "10.0.3",
        "contentHash": "rwGWGY2Vg+8NWS+nOLrnf47K4EM1IsTffb2oOLrUyxlsq7WbVTTwTn5BUiViMZI+lLzSGVB5ItBo6hcB65uVaA=="
      },
      "Microsoft.Extensions.FileProviders.Abstractions": {
        "type": "Transitive",
        "resolved": "10.0.3",
        "contentHash": "4TD9AXDRsipTmaemwnjt/DM5Ri0de2JzHQhvZ4woBTjUtL4XrPNsMrOk5oiLJAx1gTrE6pOIhxv+lEde5F6CZA==",
        "dependencies": {
          "Microsoft.Extensions.Primitives": "10.0.3"
        }
      },
      "Microsoft.Extensions.Hosting.Abstractions": {
        "type": "Transitive",
        "resolved": "10.0.3",
        "contentHash": "GdMpC10Jf6poxSvUJ4lgYpJ5F/kJeaAoJmrPufjBoPYyCTKKY5Dyl0rZA+LBNvFqTq1cZa/lhlptlUhNvU6xrg==",
        "dependencies": {
          "Microsoft.Extensions.Configuration.Abstractions": "10.0.3",
          "Microsoft.Extensions.DependencyInjection.Abstractions": "10.0.3",
          "Microsoft.Extensions.Diagnostics.Abstractions": "10.0.3",
          "Microsoft.Extensions.FileProviders.Abstractions": "10.0.3",
          "Microsoft.Extensions.Logging.Abstractions": "10.0.3"
        }
      },
      "Microsoft.Extensions.Logging": {
        "type": "Transitive",
        "resolved": "10.0.3",
        "contentHash": "8D9Er1cGXNjNDIB+VLBNHn386L5ls2FoiG9a6o12gyn+GG3w6jdfUhzT8dtBnKcevE7/fsVA8MS3FBgFfClFtQ==",
        "dependencies": {
          "Microsoft.Extensions.DependencyInjection": "10.0.3",
          "Microsoft.Extensions.Logging.Abstractions": "10.0.3",
          "Microsoft.Extensions.Options": "10.0.3"
        }
      },
      "Microsoft.Extensions.Logging.Abstractions": {
        "type": "Transitive",
        "resolved": "10.0.3",
        "contentHash": "lxl0WLk7ROgBFAsjcOYjQ8/DVK+VMszxGBzUhgtQmAsTNldLL5pk9NG/cWTsXHq0lUhUEAtZkEE7jOGOA8bGKQ==",
        "dependencies": {
          "Microsoft.Extensions.DependencyInjection.Abstractions": "10.0.3"
        }
      },
      "Microsoft.Extensions.ObjectPool": {
        "type": "Transitive",
        "resolved": "9.0.2",
        "contentHash": "nWx7uY6lfkmtpyC2dGc0IxtrZZs/LnLCQHw3YYQucbqWj8a27U/dZ+eh72O3ZiolqLzzLkVzoC+w/M8dZwxRTw=="
      },
      "Microsoft.Extensions.Options": {
        "type": "Transitive",
        "resolved": "10.0.3",
        "contentHash": "hU6WzGTPvPoLA2ng1ILvWQb3g0qORdlHNsxI8IcPLumJb3suimYUl+bbDzdo1V4KFsvVhnMWzysHpKbZaoDQPQ==",
        "dependencies": {
          "Microsoft.Extensions.DependencyInjection.Abstractions": "10.0.3",
          "Microsoft.Extensions.Primitives": "10.0.3"
        }
      },
      "Microsoft.Extensions.Primitives": {
        "type": "Transitive",
        "resolved": "10.0.3",
        "contentHash": "GEcpTwo7sUoLGGNTqV1FZEuL+tTD9m81NX/mh099dqGNna07/UGZShKQNZRw4hv6nlliSUwYQgSYc7OR99Jufg=="
      },
      "NodaTime": {
        "type": "Transitive",
        "resolved": "3.2.2",
        "contentHash": "dmju5W0UYC3QP/UJM0juKAZkH0HSDMp0gH91A0+mT9M0kgyM2Jm67hUZPl/WRQLq8Lijjqmdk8kyAViWFWM7dA=="
      },
      "Npgsql": {
        "type": "Transitive",
        "resolved": "10.0.0",
        "contentHash": "xZAYhPOU2rUIFpV48xsqhCx9vXs6Y+0jX2LCoSEfDFYMw9jtAOUk3iQsCnDLrFIv9NT3JGMihn7nnuZsPKqJmA==",
        "dependencies": {
          "Microsoft.Extensions.Logging.Abstractions": "10.0.0"
        }
      },
      "daykeeper.application": {
        "type": "Project",
        "dependencies": {
          "DayKeeper.Domain": "[1.0.0, )",
          "FluentValidation.DependencyInjectionExtensions": "[12.1.1, )",
          "Microsoft.Extensions.DependencyInjection.Abstractions": "[10.0.3, )"
        }
      },
      "daykeeper.domain": {
        "type": "Project"
      },
      "FluentValidation.DependencyInjectionExtensions": {
        "type": "CentralTransitive",
        "requested": "[12.1.1, )",
        "resolved": "12.1.1",
        "contentHash": "D0VXh4dtjjX2aQizuaa0g6R8X3U1JaVqJPfGCvLwZX9t/O2h7tkpbitbadQMfwcgSPdDbI2vDxuwRMv/Uf9dHA==",
        "dependencies": {
          "FluentValidation": "12.1.1",
          "Microsoft.Extensions.DependencyInjection.Abstractions": "2.1.0"
        }
      }
    }
  }
}
