{
  "version": 2,
  "dependencies": {
    "net10.0": {
      "Meziantou.Analyzer": {
        "type": "Direct",
        "requested": "[2.0.154, )",
        "resolved": "2.0.154",
        "contentHash": "NjDQa71s1CTC15vFLusGPVDLtGCwLMU5TufYz7dPWU/duXurLyN/cUGjMW53uDz286Z7WyI9SWV/tDNzzTjceg=="
      }
    }
  }
}
